{
  "name": "COSC203_Assignment1",
  "lockfileVersion": 2,
  "requires": true,
  "packages": {
    "": {
      "dependencies": {
        "@zip.js/zip.js": "^2.6.6"
      }
    },
    "node_modules/@zip.js/zip.js": {
      "version": "2.6.6",
      "resolved": "https://registry.npmjs.org/@zip.js/zip.js/-/zip.js-2.6.6.tgz",
      "integrity": "sha512-LWiZTWWA5QgsenU1eQwNpTTa4Qq7dAGeSTmddX6GS3osztbZFBJNaUgtm4i7GUgcmOQ9h5f9XgGwR7K1JCLAFw=="
    }
  },
  "dependencies": {
    "@zip.js/zip.js": {
      "version": "2.6.6",
      "resolved": "https://registry.npmjs.org/@zip.js/zip.js/-/zip.js-2.6.6.tgz",
      "integrity": "sha512-LWiZTWWA5QgsenU1eQwNpTTa4Qq7dAGeSTmddX6GS3osztbZFBJNaUgtm4i7GUgcmOQ9h5f9XgGwR7K1JCLAFw=="
    }
  }
}
